
Microsoft Visual Studio Solution File, Format Version 12.00
# Visual Studio Version 17
VisualStudioVersion = 17.8.34511.84
MinimumVisualStudioVersion = 10.0.40219.1
Project("{FAE04EC0-301F-11D3-BF4B-00C04F79EFBC}") = "webapp", "webapp.csproj", "{DA1E9921-DB56-4022-8411-16BF267BAC4C}"
EndProject
Global
	GlobalSection(SolutionConfigurationPlatforms) = preSolution
		Debug|Any CPU = Debug|Any CPU
		Release|Any CPU = Release|Any CPU
	EndGlobalSection
	GlobalSection(ProjectConfigurationPlatforms) = postSolution
		{DA1E9921-DB56-4022-8411-16BF267BAC4C}.Debug|Any CPU.ActiveCfg = Debug|Any CPU
		{DA1E9921-DB56-4022-8411-16BF267BAC4C}.Debug|Any CPU.Build.0 = Debug|Any CPU
		{DA1E9921-DB56-4022-8411-16BF267BAC4C}.Release|Any CPU.ActiveCfg = Release|Any CPU
		{DA1E9921-DB56-4022-8411-16BF267BAC4C}.Release|Any CPU.Build.0 = Release|Any CPU
	EndGlobalSection
	GlobalSection(SolutionProperties) = preSolution
		HideSolutionNode = FALSE
	EndGlobalSection
	GlobalSection(ExtensibilityGlobals) = postSolution
		SolutionGuid = {36213C4A-A9BA-4659-879D-ACBB1D12139F}
	EndGlobalSection
EndGlobal
